<?xml version="1.0" encoding="utf-8"?>
<Project ToolsVersion="4.0" xmlns="http://schemas.microsoft.com/developer/msbuild/2003">
  <ItemGroup>
    <ClCompile Include="FollowsAnalyzerTest.cpp" />
    <ClCompile Include="FollowsStarAnalyzerTest.cpp" />
    <ClCompile Include="CallsTest.cpp" />
    <ClCompile Include="FollowTest.cpp" />
    <ClCompile Include="ModifyTest.cpp" />
    <ClCompile Include="ParentStarAnalyzer.cpp" />
    <ClCompile Include="ParentTest.cpp" />
    <ClCompile Include="ParserTest.cpp" />
    <ClCompile Include="PKBTest.cpp" />
    <ClCompile Include="QueryValidatorTest.cpp" />
    <ClCompile Include="RelationshipTableTest.cpp" />
    <ClCompile Include="QueryAnalyzerTest.cpp" />
    <ClCompile Include="ModifiesAnalyzerTest.cpp" />
    <ClCompile Include="stdafx.cpp" />
    <ClCompile Include="UseTest.cpp" />
    <ClCompile Include="UtilTest.cpp" />
    <ClCompile Include="JoinAlgorithmTest.cpp" />
    <ClCompile Include="UsesAnalyzerTest.cpp" />
    <ClCompile Include="NextTest.cpp" />
    <ClCompile Include="ParentAnalyzerTest.cpp" />
    <ClCompile Include="CallsAnalyzerTest.cpp" />
  </ItemGroup>
  <ItemGroup>
    <ClInclude Include="stdafx.h" />
    <ClInclude Include="targetver.h" />
  </ItemGroup>
</Project>