<?xml version="1.0" encoding="utf-8"?>
<Project ToolsVersion="4.0" xmlns="http://schemas.microsoft.com/developer/msbuild/2003">
  <ItemGroup>
    <ClCompile Include="Util.cpp" />
    <ClCompile Include="Back End\FollowsAnalyzer.cpp" />
    <ClCompile Include="Back End\FollowsStarAnalyzer.cpp" />
    <ClCompile Include="Back End\ModifiesAnalyzer.cpp" />
    <ClCompile Include="Back End\ParentStarAnalyzer.cpp" />
    <ClCompile Include="Back End\QueryAnalyzer.cpp" />
    <ClCompile Include="Back End\QueryElement.cpp" />
    <ClCompile Include="Back End\QueryStatement.cpp" />
    <ClCompile Include="Back End\QueryValidator.cpp" />
    <ClCompile Include="Back End\Relationship.cpp" />
    <ClCompile Include="Back End\RelationshipTable.cpp" />
    <ClCompile Include="Back End\suchThatAnalyzer.cpp" />
    <ClCompile Include="Back End\SynonymEntityPair.cpp" />
    <ClCompile Include="Front End\Calls.cpp" />
    <ClCompile Include="Front End\Follow.cpp" />
    <ClCompile Include="Front End\Modify.cpp" />
    <ClCompile Include="Front End\Next.cpp" />
    <ClCompile Include="Front End\Parent.cpp" />
    <ClCompile Include="Front End\Parser.cpp" />
    <ClCompile Include="Front End\PKB.cpp" />
    <ClCompile Include="Front End\Use.cpp" />
    <ClCompile Include="Back End\CallsAnalyzer.cpp" />
    <ClCompile Include="Back End\ParentAnalyzer.cpp" />
    <ClCompile Include="Back End\UsesAnalyzer.cpp" />
    <ClCompile Include="Back End\NextAnalyzer.cpp" />
    <ClCompile Include="Back End\CallsStarAnalyzer.cpp" />
    <ClCompile Include="Back End\AnalyzerFactory.cpp" />
    <ClCompile Include="Back End\PatternAnalyzer.cpp" />
    <ClCompile Include="Back End\WithAnalyzer.cpp" />
    <ClCompile Include="Back End\WithHandler.cpp" />
    <ClCompile Include="Back End\suchThatHandler.cpp" />
    <ClCompile Include="QueryOptimizer.cpp" />
    <ClCompile Include="Back End\NextStarAnalyzer.cpp" />
  </ItemGroup>
  <ItemGroup>
    <ClInclude Include="Util.h" />
    <ClInclude Include="Back End\FollowsAnalyzer.h" />
    <ClInclude Include="Back End\FollowsStarAnalyzer.h" />
    <ClInclude Include="Back End\ModifiesAnalyzer.h" />
    <ClInclude Include="Back End\ParentStarAnalyzer.h" />
    <ClInclude Include="Back End\QueryAnalyzer.h" />
    <ClInclude Include="Back End\QueryElement.h" />
    <ClInclude Include="Back End\QueryStatement.h" />
    <ClInclude Include="Back End\QueryValidator.h" />
    <ClInclude Include="Back End\Relationship.h" />
    <ClInclude Include="Back End\RelationshipTable.h" />
    <ClInclude Include="Back End\suchThatAnalyzer.h" />
    <ClInclude Include="Back End\SynonymEntityPair.h" />
    <ClInclude Include="Front End\Calls.h" />
    <ClInclude Include="Front End\Follow.h" />
    <ClInclude Include="Front End\Modify.h" />
    <ClInclude Include="Front End\Next.h" />
    <ClInclude Include="Front End\Parent.h" />
    <ClInclude Include="Front End\Parser.h" />
    <ClInclude Include="Front End\PKB.h" />
    <ClInclude Include="Front End\Use.h" />
    <ClInclude Include="Back End\CallsAnalyzer.h" />
    <ClInclude Include="Back End\TupleHash.h" />
    <ClInclude Include="Back End\ParentAnalyzer.h" />
    <ClInclude Include="Back End\UsesAnalyzer.h" />
    <ClInclude Include="Back End\NextAnalyzer.h" />
    <ClInclude Include="Back End\CallsStarAnalyzer.h" />
    <ClInclude Include="Back End\Abstract_QA_API.h" />
    <ClInclude Include="Back End\AnalyzerFactory.h" />
    <ClInclude Include="Back End\PatternAnalyzer.h" />
    <ClInclude Include="Back End\WithAnalyzer.h" />
    <ClInclude Include="Back End\WithHandler.h" />
    <ClInclude Include="Back End\suchThatHandler.h" />
    <ClInclude Include="QueryOptimizer.h" />
    <ClInclude Include="Back End\NextStarAnalyzer.h" />
  </ItemGroup>
</Project>