<?xml version="1.0" encoding="utf-8"?>
<Project ToolsVersion="4.0" xmlns="http://schemas.microsoft.com/developer/msbuild/2003">
  <ItemGroup>
    <ClCompile Include="..\source\DesignExtractor.cpp" />
    <ClCompile Include="..\source\Parser.cpp" />
    <ClCompile Include="..\source\PKB.cpp" />
    <ClCompile Include="..\source\TNode.cpp" />
    <ClCompile Include="Calls.cpp" />
    <ClCompile Include="Follow.cpp" />
    <ClCompile Include="FollowsAnalyzer.cpp" />
    <ClCompile Include="FollowsStarAnalyzer.cpp" />
    <ClCompile Include="ModifiesAnalyzer.cpp" />
    <ClCompile Include="Modify.cpp" />
    <ClCompile Include="Parent.cpp" />
    <ClCompile Include="ParentStarAnalyzer.cpp" />
    <ClCompile Include="QueryAnalyzer.cpp" />
    <ClCompile Include="QueryEval.cpp" />
    <ClCompile Include="SuchThatAnalyzer.cpp" />
    <ClCompile Include="Use.cpp" />
    <ClCompile Include="Util.cpp" />
    <ClCompile Include="QueryValidator.cpp" />
    <ClCompile Include="QueryElement.cpp" />
    <ClCompile Include="QueryPreprocessor.cpp" />
    <ClCompile Include="QueryStatement.cpp" />
    <ClCompile Include="Relationship.cpp" />
    <ClCompile Include="RelationshipTable.cpp" />
    <ClCompile Include="SynonymEntityPair.cpp" />
    <ClCompile Include="Next.cpp" />
  </ItemGroup>
  <ItemGroup>
    <ClInclude Include="..\source\Parser.h" />
    <ClInclude Include="..\source\PKB.h" />
    <ClInclude Include="..\source\TNode.h" />
    <ClInclude Include="Calls.h" />
    <ClInclude Include="Follow.h" />
    <ClInclude Include="FollowsAnalyzer.h" />
    <ClInclude Include="FollowsStarAnalyzer.h" />
    <ClInclude Include="ModifiesAnalyzer.h" />
    <ClInclude Include="Modify.h" />
    <ClInclude Include="Parent.h" />
    <ClInclude Include="ParentStarAnalyzer.h" />
    <ClInclude Include="QueryAnalyzer.h" />
    <ClInclude Include="QueryEval.h" />
    <ClInclude Include="SuchThatAnalyzer.h" />
    <ClInclude Include="Use.h" />
    <ClInclude Include="Util.h" />
    <ClInclude Include="QueryValidator.h" />
    <ClInclude Include="QueryElement.h" />
    <ClInclude Include="QueryPreprocessor.h" />
    <ClInclude Include="QueryStatement.h" />
    <ClInclude Include="Relationship.h" />
    <ClInclude Include="RelationshipTable.h" />
    <ClInclude Include="SynonymEntityPair.h" />
    <ClInclude Include="Next.h" />
  </ItemGroup>
</Project>